// !$*UTF8*$!
{
	archiveVersion = 1;
	classes = {
	};
	objectVersion = 77;
	objects = {

/* Begin PBXBuildFile section */
		1509544C7CE4B73EBB204E21 /* HubDiscovery.swift in Sources */ = {isa = PBXBuildFile; fileRef = 3844D21AB160670552A5305C /* HubDiscovery.swift */; };
		219D6D0D408DD127BAE08929 /* OfflineBanner.swift in Sources */ = {isa = PBXBuildFile; fileRef = 3A265EFC4311C26324A1DC17 /* OfflineBanner.swift */; };
		303892B0CAFC5E56B617A610 /* HubClient.swift in Sources */ = {isa = PBXBuildFile; fileRef = 02AC61CBB90D96A4965C239A /* HubClient.swift */; };
		36546A171A0F3B00C14AD608 /* ISODates.swift in Sources */ = {isa = PBXBuildFile; fileRef = EDEACFA4328833A01708040B /* ISODates.swift */; };
		37CCE29C5AC17F89D8D743A5 /* AppStore.swift in Sources */ = {isa = PBXBuildFile; fileRef = 1F1C89F5E60A5A7ECBEA925D /* AppStore.swift */; };
		4902A14AD2F8B7AFFA094660 /* Ticket.swift in Sources */ = {isa = PBXBuildFile; fileRef = 1B7E10A471A8B56FE4335B38 /* Ticket.swift */; };
		4D60D45DB0792633954A7347 /* SwipeCardContainer.swift in Sources */ = {isa = PBXBuildFile; fileRef = CE806848D6BD92A8DF6F8F45 /* SwipeCardContainer.swift */; };
		4EA1CD635896DBD8D753EF5A /* NewTicketView.swift in Sources */ = {isa = PBXBuildFile; fileRef = 2AB7E62CB4C892092B6EDB7E /* NewTicketView.swift */; };
		651C9EA582A5F3D65D8E5336 /* HubRowView.swift in Sources */ = {isa = PBXBuildFile; fileRef = 76823E0A4BE12F0D76D83B39 /* HubRowView.swift */; };
		6F37CEB830FD2C7F9909FE1A /* BoardView.swift in Sources */ = {isa = PBXBuildFile; fileRef = 737DE714330F419B048F4273 /* BoardView.swift */; };
		729DB21549CD118FF6EE7ADD /* PairingView.swift in Sources */ = {isa = PBXBuildFile; fileRef = 69DE3D5E232C20F7120D047A /* PairingView.swift */; };
		76FA8D42961C5566747A406D /* RootView.swift in Sources */ = {isa = PBXBuildFile; fileRef = 4C6109CAA80628052CBC93EE /* RootView.swift */; };
		7B903C31CE8E3FBC57C72A56 /* CardView.swift in Sources */ = {isa = PBXBuildFile; fileRef = 151432F79B0C1E2337425760 /* CardView.swift */; };
		7D97E5C2E97509D5F0950FDB /* ScopeApp.swift in Sources */ = {isa = PBXBuildFile; fileRef = 525DAF524A8B214FEBCE491C /* ScopeApp.swift */; };
		80774B7E5F1C10CBB0AD214B /* MermaidView.swift in Sources */ = {isa = PBXBuildFile; fileRef = 28D32DD366AC04A4A95418E6 /* MermaidView.swift */; };
		8D0E74B331EAE240D9AD73D3 /* ColumnView.swift in Sources */ = {isa = PBXBuildFile; fileRef = E2EE3A960B5B553371CE8C2C /* ColumnView.swift */; };
		929C6E916C34DDA4A5D35F1C /* EventBuilder.swift in Sources */ = {isa = PBXBuildFile; fileRef = 589917E8088F5451EBCA9745 /* EventBuilder.swift */; };
		95C06DA60F09FF53F8799BD1 /* BoardEmptyStateView.swift in Sources */ = {isa = PBXBuildFile; fileRef = 56421265BE5A738717270F99 /* BoardEmptyStateView.swift */; };
		9ABD726E4AF577DF6FA32E93 /* Assets.xcassets in Resources */ = {isa = PBXBuildFile; fileRef = D049636D68A35D0D64EDE16E /* Assets.xcassets */; };
		9B6EFBB720C9964041DE57E1 /* HistoryEntry.swift in Sources */ = {isa = PBXBuildFile; fileRef = 99EB82EA0FC83656FCEC82D5 /* HistoryEntry.swift */; };
		9C44045273952A6A1031E0EE /* SyncStore.swift in Sources */ = {isa = PBXBuildFile; fileRef = FA4D3B8D4E8639EB8939C83D /* SyncStore.swift */; };
		9C91EC6BDCF339773BB4EBA7 /* PairingManager.swift in Sources */ = {isa = PBXBuildFile; fileRef = 53DBBED92209D089DFD2B325 /* PairingManager.swift */; };
		0A4F7BD01D2E3F4051627384 /* HubMeta.swift in Sources */ = {isa = PBXBuildFile; fileRef = 0A4F7BD11D2E3F4051627384 /* HubMeta.swift */; };
		A1FE49F1A6F04F7B7DA55311 /* TicketDetailView.swift in Sources */ = {isa = PBXBuildFile; fileRef = F891BDC308203A67B7BBC5DA /* TicketDetailView.swift */; };
		AD07E6A746BDC1453EBC4DDC /* JSONValue.swift in Sources */ = {isa = PBXBuildFile; fileRef = 3B66544310C5C1E1E1912FEC /* JSONValue.swift */; };
		BC28C1C08065EA58C038E4C2 /* SyncEngine.swift in Sources */ = {isa = PBXBuildFile; fileRef = 1EDC27C6E046CAE58090530A /* SyncEngine.swift */; };
		BD9C5A9530B27DC808626B83 /* ConnectionView.swift in Sources */ = {isa = PBXBuildFile; fileRef = 670655EEAFAD4158DE13176A /* ConnectionView.swift */; };
		C74BE2AB221CB66C209D058C /* FlowGraphView.swift in Sources */ = {isa = PBXBuildFile; fileRef = 2B2AD985BB44E4D57E836A98 /* FlowGraphView.swift */; };
		CB9A5155C44C234D06D97C07 /* EventStream.swift in Sources */ = {isa = PBXBuildFile; fileRef = 2EBA788CAED4C40F24C4C65C /* EventStream.swift */; };
		D2AFD13BD5CBAC8EA3514C49 /* KeychainStore.swift in Sources */ = {isa = PBXBuildFile; fileRef = 39A28FF80944B72144EA7E75 /* KeychainStore.swift */; };
		D2D12A83220C74C3E3AFC0CA /* MarkdownView.swift in Sources */ = {isa = PBXBuildFile; fileRef = BE8597A38DD438BB4E55F502 /* MarkdownView.swift */; };
		DA1B64E75723202BF16CD328 /* SyncWire.swift in Sources */ = {isa = PBXBuildFile; fileRef = AC9ECAE7D324B6B0E1E5CB99 /* SyncWire.swift */; };
		E0591489C93C5BF33D12D474 /* NetworkPathMonitor.swift in Sources */ = {isa = PBXBuildFile; fileRef = 8CF372EC40975FF65E9AE6C7 /* NetworkPathMonitor.swift */; };
		EE9C593AD1FCAA2A382A89A7 /* Workspace.swift in Sources */ = {isa = PBXBuildFile; fileRef = 71F7B0603315017D3577B142 /* Workspace.swift */; };
		F20C6A7AE4A6C71D32EEF831 /* HubSyncTransport.swift in Sources */ = {isa = PBXBuildFile; fileRef = 365310B48AB0D25612E98AEE /* HubSyncTransport.swift */; };
		0A4F7BC01D2E3F4051627384 /* EventStreamTests.swift in Sources */ = {isa = PBXBuildFile; fileRef = 0A4F7BC21D2E3F4051627384 /* EventStreamTests.swift */; };
/* End PBXBuildFile section */

/* Begin PBXContainerItemProxy section */
		0A4F7BCC1D2E3F4051627384 /* PBXContainerItemProxy */ = {
			isa = PBXContainerItemProxy;
			containerPortal = 2E9E9D0AC4178350F7913FAF /* Project object */;
			proxyType = 1;
			remoteGlobalIDString = BE8EDEE931599A2E56928300;
			remoteInfo = Scope;
		};
/* End PBXContainerItemProxy section */

/* Begin PBXFileReference section */
		02AC61CBB90D96A4965C239A /* HubClient.swift */ = {isa = PBXFileReference; lastKnownFileType = sourcecode.swift; path = HubClient.swift; sourceTree = "<group>"; };
		0A4F7BC11D2E3F4051627384 /* ScopeTests.xctest */ = {isa = PBXFileReference; explicitFileType = wrapper.cfbundle; includeInIndex = 0; path = ScopeTests.xctest; sourceTree = BUILT_PRODUCTS_DIR; };
		0A4F7BC21D2E3F4051627384 /* EventStreamTests.swift */ = {isa = PBXFileReference; lastKnownFileType = sourcecode.swift; path = EventStreamTests.swift; sourceTree = "<group>"; };
		0A4F7BD11D2E3F4051627384 /* HubMeta.swift */ = {isa = PBXFileReference; lastKnownFileType = sourcecode.swift; path = HubMeta.swift; sourceTree = "<group>"; };
		151432F79B0C1E2337425760 /* CardView.swift */ = {isa = PBXFileReference; lastKnownFileType = sourcecode.swift; path = CardView.swift; sourceTree = "<group>"; };
		1B7E10A471A8B56FE4335B38 /* Ticket.swift */ = {isa = PBXFileReference; lastKnownFileType = sourcecode.swift; path = Ticket.swift; sourceTree = "<group>"; };
		1EDC27C6E046CAE58090530A /* SyncEngine.swift */ = {isa = PBXFileReference; lastKnownFileType = sourcecode.swift; path = SyncEngine.swift; sourceTree = "<group>"; };
		1F1C89F5E60A5A7ECBEA925D /* AppStore.swift */ = {isa = PBXFileReference; lastKnownFileType = sourcecode.swift; path = AppStore.swift; sourceTree = "<group>"; };
		28D32DD366AC04A4A95418E6 /* MermaidView.swift */ = {isa = PBXFileReference; lastKnownFileType = sourcecode.swift; path = MermaidView.swift; sourceTree = "<group>"; };
		2AB7E62CB4C892092B6EDB7E /* NewTicketView.swift */ = {isa = PBXFileReference; lastKnownFileType = sourcecode.swift; path = NewTicketView.swift; sourceTree = "<group>"; };
		2B2AD985BB44E4D57E836A98 /* FlowGraphView.swift */ = {isa = PBXFileReference; lastKnownFileType = sourcecode.swift; path = FlowGraphView.swift; sourceTree = "<group>"; };
		2EBA788CAED4C40F24C4C65C /* EventStream.swift */ = {isa = PBXFileReference; lastKnownFileType = sourcecode.swift; path = EventStream.swift; sourceTree = "<group>"; };
		365310B48AB0D25612E98AEE /* HubSyncTransport.swift */ = {isa = PBXFileReference; lastKnownFileType = sourcecode.swift; path = HubSyncTransport.swift; sourceTree = "<group>"; };
		3844D21AB160670552A5305C /* HubDiscovery.swift */ = {isa = PBXFileReference; lastKnownFileType = sourcecode.swift; path = HubDiscovery.swift; sourceTree = "<group>"; };
		38F51C93FC085CA288B4A57E /* Scope.app */ = {isa = PBXFileReference; explicitFileType = wrapper.application; includeInIndex = 0; path = Scope.app; sourceTree = BUILT_PRODUCTS_DIR; };
		39A28FF80944B72144EA7E75 /* KeychainStore.swift */ = {isa = PBXFileReference; lastKnownFileType = sourcecode.swift; path = KeychainStore.swift; sourceTree = "<group>"; };
		3A265EFC4311C26324A1DC17 /* OfflineBanner.swift */ = {isa = PBXFileReference; lastKnownFileType = sourcecode.swift; path = OfflineBanner.swift; sourceTree = "<group>"; };
		3B66544310C5C1E1E1912FEC /* JSONValue.swift */ = {isa = PBXFileReference; lastKnownFileType = sourcecode.swift; path = JSONValue.swift; sourceTree = "<group>"; };
		4C6109CAA80628052CBC93EE /* RootView.swift */ = {isa = PBXFileReference; lastKnownFileType = sourcecode.swift; path = RootView.swift; sourceTree = "<group>"; };
		525DAF524A8B214FEBCE491C /* ScopeApp.swift */ = {isa = PBXFileReference; lastKnownFileType = sourcecode.swift; path = ScopeApp.swift; sourceTree = "<group>"; };
		53DBBED92209D089DFD2B325 /* PairingManager.swift */ = {isa = PBXFileReference; lastKnownFileType = sourcecode.swift; path = PairingManager.swift; sourceTree = "<group>"; };
		56421265BE5A738717270F99 /* BoardEmptyStateView.swift */ = {isa = PBXFileReference; lastKnownFileType = sourcecode.swift; path = BoardEmptyStateView.swift; sourceTree = "<group>"; };
		589917E8088F5451EBCA9745 /* EventBuilder.swift */ = {isa = PBXFileReference; lastKnownFileType = sourcecode.swift; path = EventBuilder.swift; sourceTree = "<group>"; };
		6550203C655ED244830A5BD1 /* Info.plist */ = {isa = PBXFileReference; lastKnownFileType = text.plist; path = Info.plist; sourceTree = "<group>"; };
		670655EEAFAD4158DE13176A /* ConnectionView.swift */ = {isa = PBXFileReference; lastKnownFileType = sourcecode.swift; path = ConnectionView.swift; sourceTree = "<group>"; };
		69DE3D5E232C20F7120D047A /* PairingView.swift */ = {isa = PBXFileReference; lastKnownFileType = sourcecode.swift; path = PairingView.swift; sourceTree = "<group>"; };
		71F7B0603315017D3577B142 /* Workspace.swift */ = {isa = PBXFileReference; lastKnownFileType = sourcecode.swift; path = Workspace.swift; sourceTree = "<group>"; };
		737DE714330F419B048F4273 /* BoardView.swift */ = {isa = PBXFileReference; lastKnownFileType = sourcecode.swift; path = BoardView.swift; sourceTree = "<group>"; };
		76823E0A4BE12F0D76D83B39 /* HubRowView.swift */ = {isa = PBXFileReference; lastKnownFileType = sourcecode.swift; path = HubRowView.swift; sourceTree = "<group>"; };
		8CF372EC40975FF65E9AE6C7 /* NetworkPathMonitor.swift */ = {isa = PBXFileReference; lastKnownFileType = sourcecode.swift; path = NetworkPathMonitor.swift; sourceTree = "<group>"; };
		99EB82EA0FC83656FCEC82D5 /* HistoryEntry.swift */ = {isa = PBXFileReference; lastKnownFileType = sourcecode.swift; path = HistoryEntry.swift; sourceTree = "<group>"; };
		AC9ECAE7D324B6B0E1E5CB99 /* SyncWire.swift */ = {isa = PBXFileReference; lastKnownFileType = sourcecode.swift; path = SyncWire.swift; sourceTree = "<group>"; };
		BE8597A38DD438BB4E55F502 /* MarkdownView.swift */ = {isa = PBXFileReference; lastKnownFileType = sourcecode.swift; path = MarkdownView.swift; sourceTree = "<group>"; };
		CE806848D6BD92A8DF6F8F45 /* SwipeCardContainer.swift */ = {isa = PBXFileReference; lastKnownFileType = sourcecode.swift; path = SwipeCardContainer.swift; sourceTree = "<group>"; };
		D049636D68A35D0D64EDE16E /* Assets.xcassets */ = {isa = PBXFileReference; lastKnownFileType = folder.assetcatalog; path = Assets.xcassets; sourceTree = "<group>"; };
		E2EE3A960B5B553371CE8C2C /* ColumnView.swift */ = {isa = PBXFileReference; lastKnownFileType = sourcecode.swift; path = ColumnView.swift; sourceTree = "<group>"; };
		EDEACFA4328833A01708040B /* ISODates.swift */ = {isa = PBXFileReference; lastKnownFileType = sourcecode.swift; path = ISODates.swift; sourceTree = "<group>"; };
		F891BDC308203A67B7BBC5DA /* TicketDetailView.swift */ = {isa = PBXFileReference; lastKnownFileType = sourcecode.swift; path = TicketDetailView.swift; sourceTree = "<group>"; };
		FA4D3B8D4E8639EB8939C83D /* SyncStore.swift */ = {isa = PBXFileReference; lastKnownFileType = sourcecode.swift; path = SyncStore.swift; sourceTree = "<group>"; };
/* End PBXFileReference section */

/* Begin PBXFrameworksBuildPhase section */
		0A4F7BC61D2E3F4051627384 /* Frameworks */ = {
			isa = PBXFrameworksBuildPhase;
			buildActionMask = 2147483647;
			files = (
			);
			runOnlyForDeploymentPostprocessing = 0;
		};
/* End PBXFrameworksBuildPhase section */

/* Begin PBXGroup section */
		168A4467CC30B60E762CB2D2 /* Sync */ = {
			isa = PBXGroup;
			children = (
				589917E8088F5451EBCA9745 /* EventBuilder.swift */,
				365310B48AB0D25612E98AEE /* HubSyncTransport.swift */,
				3B66544310C5C1E1E1912FEC /* JSONValue.swift */,
				1EDC27C6E046CAE58090530A /* SyncEngine.swift */,
				FA4D3B8D4E8639EB8939C83D /* SyncStore.swift */,
				AC9ECAE7D324B6B0E1E5CB99 /* SyncWire.swift */,
			);
			path = Sync;
			sourceTree = "<group>";
		};
		36120A739B81CBADBDAE9165 /* Products */ = {
			isa = PBXGroup;
			children = (
				38F51C93FC085CA288B4A57E /* Scope.app */,
				0A4F7BC11D2E3F4051627384 /* ScopeTests.xctest */,
			);
			name = Products;
			sourceTree = "<group>";
		};
		0A4F7BC31D2E3F4051627384 /* Tests */ = {
			isa = PBXGroup;
			children = (
				0A4F7BC21D2E3F4051627384 /* EventStreamTests.swift */,
			);
			path = Tests;
			sourceTree = "<group>";
		};
		4F772DBD5A24208CD3C0972C /* Markdown */ = {
			isa = PBXGroup;
			children = (
				BE8597A38DD438BB4E55F502 /* MarkdownView.swift */,
				28D32DD366AC04A4A95418E6 /* MermaidView.swift */,
			);
			path = Markdown;
			sourceTree = "<group>";
		};
		6402A8E00C77282BA5ABB5FE /* Sources */ = {
			isa = PBXGroup;
			children = (
				D049636D68A35D0D64EDE16E /* Assets.xcassets */,
				6550203C655ED244830A5BD1 /* Info.plist */,
				4C6109CAA80628052CBC93EE /* RootView.swift */,
				525DAF524A8B214FEBCE491C /* ScopeApp.swift */,
				9DF29A971E9010E3C0D5AE73 /* Models */,
				91A8A192E8D72268AF58CCD7 /* Network */,
				CFC0F947FD438C2E2AFC6B07 /* Store */,
				168A4467CC30B60E762CB2D2 /* Sync */,
				FDA48DAA6A39B388FEEE1B13 /* Views */,
			);
			path = Sources;
			sourceTree = "<group>";
		};
		6909AC21255B2C37242F8340 /* Connection */ = {
			isa = PBXGroup;
			children = (
				670655EEAFAD4158DE13176A /* ConnectionView.swift */,
				76823E0A4BE12F0D76D83B39 /* HubRowView.swift */,
			);
			path = Connection;
			sourceTree = "<group>";
		};
		91A8A192E8D72268AF58CCD7 /* Network */ = {
			isa = PBXGroup;
			children = (
				2EBA788CAED4C40F24C4C65C /* EventStream.swift */,
				02AC61CBB90D96A4965C239A /* HubClient.swift */,
				3844D21AB160670552A5305C /* HubDiscovery.swift */,
				EDEACFA4328833A01708040B /* ISODates.swift */,
				39A28FF80944B72144EA7E75 /* KeychainStore.swift */,
				8CF372EC40975FF65E9AE6C7 /* NetworkPathMonitor.swift */,
				53DBBED92209D089DFD2B325 /* PairingManager.swift */,
			);
			path = Network;
			sourceTree = "<group>";
		};
		9DF29A971E9010E3C0D5AE73 /* Models */ = {
			isa = PBXGroup;
			children = (
				99EB82EA0FC83656FCEC82D5 /* HistoryEntry.swift */,
				0A4F7BD11D2E3F4051627384 /* HubMeta.swift */,
				1B7E10A471A8B56FE4335B38 /* Ticket.swift */,
				71F7B0603315017D3577B142 /* Workspace.swift */,
			);
			path = Models;
			sourceTree = "<group>";
		};
		A21E592A0C7813D97EC8C9A9 /* Graph */ = {
			isa = PBXGroup;
			children = (
				2B2AD985BB44E4D57E836A98 /* FlowGraphView.swift */,
			);
			path = Graph;
			sourceTree = "<group>";
		};
		C0DB16026A1F00BF33C494B0 /* Tickets */ = {
			isa = PBXGroup;
			children = (
				2AB7E62CB4C892092B6EDB7E /* NewTicketView.swift */,
				F891BDC308203A67B7BBC5DA /* TicketDetailView.swift */,
			);
			path = Tickets;
			sourceTree = "<group>";
		};
		C452E36F984AF0E116AD2CF6 = {
			isa = PBXGroup;
			children = (
				6402A8E00C77282BA5ABB5FE /* Sources */,
				0A4F7BC31D2E3F4051627384 /* Tests */,
				36120A739B81CBADBDAE9165 /* Products */,
			);
			sourceTree = "<group>";
		};
		C97C7612DEBA45F290148763 /* Pairing */ = {
			isa = PBXGroup;
			children = (
				69DE3D5E232C20F7120D047A /* PairingView.swift */,
			);
			path = Pairing;
			sourceTree = "<group>";
		};
		CFC0F947FD438C2E2AFC6B07 /* Store */ = {
			isa = PBXGroup;
			children = (
				1F1C89F5E60A5A7ECBEA925D /* AppStore.swift */,
			);
			path = Store;
			sourceTree = "<group>";
		};
		F796CDE1CBDB5320D1E3A3FB /* Board */ = {
			isa = PBXGroup;
			children = (
				56421265BE5A738717270F99 /* BoardEmptyStateView.swift */,
				737DE714330F419B048F4273 /* BoardView.swift */,
				151432F79B0C1E2337425760 /* CardView.swift */,
				E2EE3A960B5B553371CE8C2C /* ColumnView.swift */,
				CE806848D6BD92A8DF6F8F45 /* SwipeCardContainer.swift */,
			);
			path = Board;
			sourceTree = "<group>";
		};
		FDA48DAA6A39B388FEEE1B13 /* Views */ = {
			isa = PBXGroup;
			children = (
				3A265EFC4311C26324A1DC17 /* OfflineBanner.swift */,
				F796CDE1CBDB5320D1E3A3FB /* Board */,
				6909AC21255B2C37242F8340 /* Connection */,
				A21E592A0C7813D97EC8C9A9 /* Graph */,
				4F772DBD5A24208CD3C0972C /* Markdown */,
				C97C7612DEBA45F290148763 /* Pairing */,
				C0DB16026A1F00BF33C494B0 /* Tickets */,
			);
			path = Views;
			sourceTree = "<group>";
		};
/* End PBXGroup section */

/* Begin PBXNativeTarget section */
		BE8EDEE931599A2E56928300 /* Scope */ = {
			isa = PBXNativeTarget;
			buildConfigurationList = AA2DAE4962C2CF97AD3CA6CB /* Build configuration list for PBXNativeTarget "Scope" */;
			buildPhases = (
				75442AAF5D853821B7E7CA3F /* Sources */,
				1CCFB7D7F288A10416D415CD /* Resources */,
			);
			buildRules = (
			);
			dependencies = (
			);
			name = Scope;
			packageProductDependencies = (
			);
			productName = Scope;
			productReference = 38F51C93FC085CA288B4A57E /* Scope.app */;
			productType = "com.apple.product-type.application";
		};
		0A4F7BC41D2E3F4051627384 /* ScopeTests */ = {
			isa = PBXNativeTarget;
			buildConfigurationList = 0A4F7BCA1D2E3F4051627384 /* Build configuration list for PBXNativeTarget "ScopeTests" */;
			buildPhases = (
				0A4F7BC51D2E3F4051627384 /* Sources */,
				0A4F7BC61D2E3F4051627384 /* Frameworks */,
				0A4F7BC71D2E3F4051627384 /* Resources */,
			);
			buildRules = (
			);
			dependencies = (
				0A4F7BCB1D2E3F4051627384 /* PBXTargetDependency */,
			);
			name = ScopeTests;
			packageProductDependencies = (
			);
			productName = ScopeTests;
			productReference = 0A4F7BC11D2E3F4051627384 /* ScopeTests.xctest */;
			productType = "com.apple.product-type.bundle.unit-test";
		};
/* End PBXNativeTarget section */

/* Begin PBXProject section */
		2E9E9D0AC4178350F7913FAF /* Project object */ = {
			isa = PBXProject;
			attributes = {
				BuildIndependentTargetsInParallel = YES;
				LastUpgradeCheck = 2700;
				TargetAttributes = {
					0A4F7BC41D2E3F4051627384 = {
						DevelopmentTeam = LU6454UVH5;
						ProvisioningStyle = Automatic;
						TestTargetID = BE8EDEE931599A2E56928300;
					};
					BE8EDEE931599A2E56928300 = {
						DevelopmentTeam = LU6454UVH5;
						ProvisioningStyle = Automatic;
					};
				};
			};
			buildConfigurationList = 42E572BD7BFC9916AC23D292 /* Build configuration list for PBXProject "Scope" */;
			developmentRegion = en;
			hasScannedForEncodings = 0;
			knownRegions = (
				Base,
				en,
			);
			mainGroup = C452E36F984AF0E116AD2CF6;
			minimizedProjectReferenceProxies = 1;
			preferredProjectObjectVersion = 77;
			productRefGroup = 36120A739B81CBADBDAE9165 /* Products */;
			projectDirPath = "";
			projectRoot = "";
			targets = (
				BE8EDEE931599A2E56928300 /* Scope */,
				0A4F7BC41D2E3F4051627384 /* ScopeTests */,
			);
		};
/* End PBXProject section */

/* Begin PBXResourcesBuildPhase section */
		1CCFB7D7F288A10416D415CD /* Resources */ = {
			isa = PBXResourcesBuildPhase;
			buildActionMask = 2147483647;
			files = (
				9ABD726E4AF577DF6FA32E93 /* Assets.xcassets in Resources */,
			);
			runOnlyForDeploymentPostprocessing = 0;
		};
		0A4F7BC71D2E3F4051627384 /* Resources */ = {
			isa = PBXResourcesBuildPhase;
			buildActionMask = 2147483647;
			files = (
			);
			runOnlyForDeploymentPostprocessing = 0;
		};
/* End PBXResourcesBuildPhase section */

/* Begin PBXSourcesBuildPhase section */
		0A4F7BC51D2E3F4051627384 /* Sources */ = {
			isa = PBXSourcesBuildPhase;
			buildActionMask = 2147483647;
			files = (
				0A4F7BC01D2E3F4051627384 /* EventStreamTests.swift in Sources */,
			);
			runOnlyForDeploymentPostprocessing = 0;
		};
		75442AAF5D853821B7E7CA3F /* Sources */ = {
			isa = PBXSourcesBuildPhase;
			buildActionMask = 2147483647;
			files = (
				37CCE29C5AC17F89D8D743A5 /* AppStore.swift in Sources */,
				95C06DA60F09FF53F8799BD1 /* BoardEmptyStateView.swift in Sources */,
				6F37CEB830FD2C7F9909FE1A /* BoardView.swift in Sources */,
				7B903C31CE8E3FBC57C72A56 /* CardView.swift in Sources */,
				8D0E74B331EAE240D9AD73D3 /* ColumnView.swift in Sources */,
				BD9C5A9530B27DC808626B83 /* ConnectionView.swift in Sources */,
				929C6E916C34DDA4A5D35F1C /* EventBuilder.swift in Sources */,
				CB9A5155C44C234D06D97C07 /* EventStream.swift in Sources */,
				C74BE2AB221CB66C209D058C /* FlowGraphView.swift in Sources */,
				9B6EFBB720C9964041DE57E1 /* HistoryEntry.swift in Sources */,
				303892B0CAFC5E56B617A610 /* HubClient.swift in Sources */,
				1509544C7CE4B73EBB204E21 /* HubDiscovery.swift in Sources */,
				0A4F7BD01D2E3F4051627384 /* HubMeta.swift in Sources */,
				651C9EA582A5F3D65D8E5336 /* HubRowView.swift in Sources */,
				F20C6A7AE4A6C71D32EEF831 /* HubSyncTransport.swift in Sources */,
				36546A171A0F3B00C14AD608 /* ISODates.swift in Sources */,
				AD07E6A746BDC1453EBC4DDC /* JSONValue.swift in Sources */,
				D2AFD13BD5CBAC8EA3514C49 /* KeychainStore.swift in Sources */,
				D2D12A83220C74C3E3AFC0CA /* MarkdownView.swift in Sources */,
				80774B7E5F1C10CBB0AD214B /* MermaidView.swift in Sources */,
				E0591489C93C5BF33D12D474 /* NetworkPathMonitor.swift in Sources */,
				4EA1CD635896DBD8D753EF5A /* NewTicketView.swift in Sources */,
				219D6D0D408DD127BAE08929 /* OfflineBanner.swift in Sources */,
				9C91EC6BDCF339773BB4EBA7 /* PairingManager.swift in Sources */,
				729DB21549CD118FF6EE7ADD /* PairingView.swift in Sources */,
				76FA8D42961C5566747A406D /* RootView.swift in Sources */,
				7D97E5C2E97509D5F0950FDB /* ScopeApp.swift in Sources */,
				4D60D45DB0792633954A7347 /* SwipeCardContainer.swift in Sources */,
				BC28C1C08065EA58C038E4C2 /* SyncEngine.swift in Sources */,
				9C44045273952A6A1031E0EE /* SyncStore.swift in Sources */,
				DA1B64E75723202BF16CD328 /* SyncWire.swift in Sources */,
				4902A14AD2F8B7AFFA094660 /* Ticket.swift in Sources */,
				A1FE49F1A6F04F7B7DA55311 /* TicketDetailView.swift in Sources */,
				EE9C593AD1FCAA2A382A89A7 /* Workspace.swift in Sources */,
			);
			runOnlyForDeploymentPostprocessing = 0;
		};
/* End PBXSourcesBuildPhase section */

/* Begin PBXTargetDependency section */
		0A4F7BCB1D2E3F4051627384 /* PBXTargetDependency */ = {
			isa = PBXTargetDependency;
			target = BE8EDEE931599A2E56928300 /* Scope */;
			targetProxy = 0A4F7BCC1D2E3F4051627384 /* PBXContainerItemProxy */;
		};
/* End PBXTargetDependency section */

/* Begin XCBuildConfiguration section */
		0A4F7BC81D2E3F4051627384 /* Debug */ = {
			isa = XCBuildConfiguration;
			buildSettings = {
				BUNDLE_LOADER = "$(TEST_HOST)";
				CODE_SIGN_IDENTITY = "iPhone Developer";
				CODE_SIGN_STYLE = Automatic;
				CURRENT_PROJECT_VERSION = 1;
				DEVELOPMENT_TEAM = LU6454UVH5;
				GENERATE_INFOPLIST_FILE = YES;
				IPHONEOS_DEPLOYMENT_TARGET = 18.0;
				LD_RUNPATH_SEARCH_PATHS = (
					"$(inherited)",
					"@executable_path/Frameworks",
					"@loader_path/Frameworks",
				);
				PRODUCT_BUNDLE_IDENTIFIER = com.briannadoubt.scopeTests;
				PRODUCT_NAME = "$(TARGET_NAME)";
				SDKROOT = iphoneos;
				SUPPORTED_PLATFORMS = "iphoneos iphonesimulator";
				SWIFT_ACTIVE_COMPILATION_CONDITIONS = DEBUG;
				SWIFT_OPTIMIZATION_LEVEL = "-Onone";
				SWIFT_VERSION = 6.0;
				TARGETED_DEVICE_FAMILY = "1,2";
				TEST_HOST = "$(BUILT_PRODUCTS_DIR)/Scope.app/$(BUNDLE_EXECUTABLE_FOLDER_PATH)/Scope";
			};
			name = Debug;
		};
		0A4F7BC91D2E3F4051627384 /* Release */ = {
			isa = XCBuildConfiguration;
			buildSettings = {
				BUNDLE_LOADER = "$(TEST_HOST)";
				CODE_SIGN_IDENTITY = "iPhone Developer";
				CODE_SIGN_STYLE = Automatic;
				CURRENT_PROJECT_VERSION = 1;
				DEVELOPMENT_TEAM = LU6454UVH5;
				GENERATE_INFOPLIST_FILE = YES;
				IPHONEOS_DEPLOYMENT_TARGET = 18.0;
				LD_RUNPATH_SEARCH_PATHS = (
					"$(inherited)",
					"@executable_path/Frameworks",
					"@loader_path/Frameworks",
				);
				PRODUCT_BUNDLE_IDENTIFIER = com.briannadoubt.scopeTests;
				PRODUCT_NAME = "$(TARGET_NAME)";
				SDKROOT = iphoneos;
				SUPPORTED_PLATFORMS = "iphoneos iphonesimulator";
				SWIFT_OPTIMIZATION_LEVEL = "-O";
				SWIFT_VERSION = 6.0;
				TARGETED_DEVICE_FAMILY = "1,2";
				TEST_HOST = "$(BUILT_PRODUCTS_DIR)/Scope.app/$(BUNDLE_EXECUTABLE_FOLDER_PATH)/Scope";
			};
			name = Release;
		};
		62EDA3BAC47BC230601B919D /* Release */ = {
			isa = XCBuildConfiguration;
			buildSettings = {
				ALWAYS_SEARCH_USER_PATHS = NO;
				ASSETCATALOG_COMPILER_GENERATE_SWIFT_ASSET_SYMBOL_EXTENSIONS = YES;
				CLANG_ANALYZER_NONNULL = YES;
				CLANG_ANALYZER_NUMBER_OBJECT_CONVERSION = YES_AGGRESSIVE;
				CLANG_CXX_LANGUAGE_STANDARD = "gnu++14";
				CLANG_CXX_LIBRARY = "libc++";
				CLANG_ENABLE_MODULES = YES;
				CLANG_ENABLE_OBJC_ARC = YES;
				CLANG_ENABLE_OBJC_WEAK = YES;
				CLANG_WARN_BLOCK_CAPTURE_AUTORELEASING = YES;
				CLANG_WARN_BOOL_CONVERSION = YES;
				CLANG_WARN_COMMA = YES;
				CLANG_WARN_CONSTANT_CONVERSION = YES;
				CLANG_WARN_DEPRECATED_OBJC_IMPLEMENTATIONS = YES;
				CLANG_WARN_DIRECT_OBJC_ISA_USAGE = YES_ERROR;
				CLANG_WARN_DOCUMENTATION_COMMENTS = YES;
				CLANG_WARN_EMPTY_BODY = YES;
				CLANG_WARN_ENUM_CONVERSION = YES;
				CLANG_WARN_INFINITE_RECURSION = YES;
				CLANG_WARN_INT_CONVERSION = YES;
				CLANG_WARN_NON_LITERAL_NULL_CONVERSION = YES;
				CLANG_WARN_OBJC_IMPLICIT_RETAIN_SELF = YES;
				CLANG_WARN_OBJC_LITERAL_CONVERSION = YES;
				CLANG_WARN_OBJC_ROOT_CLASS = YES_ERROR;
				CLANG_WARN_QUOTED_INCLUDE_IN_FRAMEWORK_HEADER = YES;
				CLANG_WARN_RANGE_LOOP_ANALYSIS = YES;
				CLANG_WARN_STRICT_PROTOTYPES = YES;
				CLANG_WARN_SUSPICIOUS_MOVE = YES;
				CLANG_WARN_UNGUARDED_AVAILABILITY = YES_AGGRESSIVE;
				CLANG_WARN_UNREACHABLE_CODE = YES;
				CLANG_WARN__DUPLICATE_METHOD_MATCH = YES;
				COPY_PHASE_STRIP = NO;
				CURRENT_PROJECT_VERSION = 1;
				DEBUG_INFORMATION_FORMAT = "dwarf-with-dsym";
				DEVELOPMENT_TEAM = LU6454UVH5;
				ENABLE_NS_ASSERTIONS = NO;
				ENABLE_STRICT_OBJC_MSGSEND = YES;
				ENABLE_USER_SCRIPT_SANDBOXING = YES;
				GCC_C_LANGUAGE_STANDARD = gnu11;
				GCC_NO_COMMON_BLOCKS = YES;
				GCC_WARN_64_TO_32_BIT_CONVERSION = YES;
				GCC_WARN_ABOUT_RETURN_TYPE = YES_ERROR;
				GCC_WARN_UNDECLARED_SELECTOR = YES;
				GCC_WARN_UNINITIALIZED_AUTOS = YES_AGGRESSIVE;
				GCC_WARN_UNUSED_FUNCTION = YES;
				GCC_WARN_UNUSED_VARIABLE = YES;
				IPHONEOS_DEPLOYMENT_TARGET = 18.0;
				MARKETING_VERSION = 0.5.0;
				MTL_ENABLE_DEBUG_INFO = NO;
				MTL_FAST_MATH = YES;
				PRODUCT_NAME = "$(TARGET_NAME)";
				SDKROOT = iphoneos;
				STRING_CATALOG_GENERATE_SYMBOLS = YES;
				SWIFT_COMPILATION_MODE = wholemodule;
				SWIFT_OPTIMIZATION_LEVEL = "-O";
				SWIFT_VERSION = 6.0;
			};
			name = Release;
		};
		BA0357CB90789419FCF73812 /* Debug */ = {
			isa = XCBuildConfiguration;
			buildSettings = {
				ALWAYS_SEARCH_USER_PATHS = NO;
				ASSETCATALOG_COMPILER_GENERATE_SWIFT_ASSET_SYMBOL_EXTENSIONS = YES;
				CLANG_ANALYZER_NONNULL = YES;
				CLANG_ANALYZER_NUMBER_OBJECT_CONVERSION = YES_AGGRESSIVE;
				CLANG_CXX_LANGUAGE_STANDARD = "gnu++14";
				CLANG_CXX_LIBRARY = "libc++";
				CLANG_ENABLE_MODULES = YES;
				CLANG_ENABLE_OBJC_ARC = YES;
				CLANG_ENABLE_OBJC_WEAK = YES;
				CLANG_WARN_BLOCK_CAPTURE_AUTORELEASING = YES;
				CLANG_WARN_BOOL_CONVERSION = YES;
				CLANG_WARN_COMMA = YES;
				CLANG_WARN_CONSTANT_CONVERSION = YES;
				CLANG_WARN_DEPRECATED_OBJC_IMPLEMENTATIONS = YES;
				CLANG_WARN_DIRECT_OBJC_ISA_USAGE = YES_ERROR;
				CLANG_WARN_DOCUMENTATION_COMMENTS = YES;
				CLANG_WARN_EMPTY_BODY = YES;
				CLANG_WARN_ENUM_CONVERSION = YES;
				CLANG_WARN_INFINITE_RECURSION = YES;
				CLANG_WARN_INT_CONVERSION = YES;
				CLANG_WARN_NON_LITERAL_NULL_CONVERSION = YES;
				CLANG_WARN_OBJC_IMPLICIT_RETAIN_SELF = YES;
				CLANG_WARN_OBJC_LITERAL_CONVERSION = YES;
				CLANG_WARN_OBJC_ROOT_CLASS = YES_ERROR;
				CLANG_WARN_QUOTED_INCLUDE_IN_FRAMEWORK_HEADER = YES;
				CLANG_WARN_RANGE_LOOP_ANALYSIS = YES;
				CLANG_WARN_STRICT_PROTOTYPES = YES;
				CLANG_WARN_SUSPICIOUS_MOVE = YES;
				CLANG_WARN_UNGUARDED_AVAILABILITY = YES_AGGRESSIVE;
				CLANG_WARN_UNREACHABLE_CODE = YES;
				CLANG_WARN__DUPLICATE_METHOD_MATCH = YES;
				COPY_PHASE_STRIP = NO;
				CURRENT_PROJECT_VERSION = 1;
				DEBUG_INFORMATION_FORMAT = dwarf;
				DEVELOPMENT_TEAM = LU6454UVH5;
				ENABLE_STRICT_OBJC_MSGSEND = YES;
				ENABLE_TESTABILITY = YES;
				ENABLE_USER_SCRIPT_SANDBOXING = YES;
				GCC_C_LANGUAGE_STANDARD = gnu11;
				GCC_DYNAMIC_NO_PIC = NO;
				GCC_NO_COMMON_BLOCKS = YES;
				GCC_OPTIMIZATION_LEVEL = 0;
				GCC_PREPROCESSOR_DEFINITIONS = (
					"$(inherited)",
					"DEBUG=1",
				);
				GCC_WARN_64_TO_32_BIT_CONVERSION = YES;
				GCC_WARN_ABOUT_RETURN_TYPE = YES_ERROR;
				GCC_WARN_UNDECLARED_SELECTOR = YES;
				GCC_WARN_UNINITIALIZED_AUTOS = YES_AGGRESSIVE;
				GCC_WARN_UNUSED_FUNCTION = YES;
				GCC_WARN_UNUSED_VARIABLE = YES;
				IPHONEOS_DEPLOYMENT_TARGET = 18.0;
				MARKETING_VERSION = 0.5.0;
				MTL_ENABLE_DEBUG_INFO = INCLUDE_SOURCE;
				MTL_FAST_MATH = YES;
				ONLY_ACTIVE_ARCH = YES;
				PRODUCT_NAME = "$(TARGET_NAME)";
				SDKROOT = iphoneos;
				STRING_CATALOG_GENERATE_SYMBOLS = YES;
				SWIFT_ACTIVE_COMPILATION_CONDITIONS = DEBUG;
				SWIFT_OPTIMIZATION_LEVEL = "-Onone";
				SWIFT_VERSION = 6.0;
			};
			name = Debug;
		};
		CD7F0D71C86AF01F0C67262B /* Release */ = {
			isa = XCBuildConfiguration;
			buildSettings = {
				ASSETCATALOG_COMPILER_APPICON_NAME = AppIcon;
				CODE_SIGN_IDENTITY = "iPhone Developer";
				"CODE_SIGN_IDENTITY[sdk=macosx*]" = "-";
				CODE_SIGN_STYLE = Automatic;
				ENABLE_APP_SANDBOX = YES;
				ENABLE_HARDENED_RUNTIME = YES;
				ENABLE_OUTGOING_NETWORK_CONNECTIONS = YES;
				INFOPLIST_FILE = Sources/Info.plist;
				INFOPLIST_KEY_LSApplicationCategoryType = "public.app-category.developer-tools";
				IPHONEOS_DEPLOYMENT_TARGET = 18.0;
				LD_RUNPATH_SEARCH_PATHS = (
					"$(inherited)",
					"@executable_path/Frameworks",
				);
				MACOSX_DEPLOYMENT_TARGET = "$(RECOMMENDED_MACOSX_DEPLOYMENT_TARGET)";
				PRODUCT_BUNDLE_IDENTIFIER = com.briannadoubt.scope;
				REGISTER_APP_GROUPS = YES;
				SDKROOT = iphoneos;
				SUPPORTED_PLATFORMS = "appletvos appletvsimulator iphoneos iphonesimulator macosx xros xrsimulator";
				SUPPORTS_MACCATALYST = NO;
				SUPPORTS_MAC_DESIGNED_FOR_IPHONE_IPAD = NO;
				SUPPORTS_XR_DESIGNED_FOR_IPHONE_IPAD = NO;
				TARGETED_DEVICE_FAMILY = "1,2,3,7";
				TVOS_DEPLOYMENT_TARGET = "$(RECOMMENDED_TVOS_DEPLOYMENT_TARGET)";
				XROS_DEPLOYMENT_TARGET = "$(RECOMMENDED_XROS_DEPLOYMENT_TARGET)";
			};
			name = Release;
		};
		ECDDA4ABB9F13A746C2E0E72 /* Debug */ = {
			isa = XCBuildConfiguration;
			buildSettings = {
				ASSETCATALOG_COMPILER_APPICON_NAME = AppIcon;
				CODE_SIGN_IDENTITY = "iPhone Developer";
				"CODE_SIGN_IDENTITY[sdk=macosx*]" = "-";
				CODE_SIGN_STYLE = Automatic;
				ENABLE_APP_SANDBOX = YES;
				ENABLE_HARDENED_RUNTIME = YES;
				ENABLE_OUTGOING_NETWORK_CONNECTIONS = YES;
				INFOPLIST_FILE = Sources/Info.plist;
				INFOPLIST_KEY_LSApplicationCategoryType = "public.app-category.developer-tools";
				IPHONEOS_DEPLOYMENT_TARGET = 18.0;
				LD_RUNPATH_SEARCH_PATHS = (
					"$(inherited)",
					"@executable_path/Frameworks",
				);
				MACOSX_DEPLOYMENT_TARGET = "$(RECOMMENDED_MACOSX_DEPLOYMENT_TARGET)";
				PRODUCT_BUNDLE_IDENTIFIER = com.briannadoubt.scope;
				REGISTER_APP_GROUPS = YES;
				SDKROOT = iphoneos;
				SUPPORTED_PLATFORMS = "appletvos appletvsimulator iphoneos iphonesimulator macosx xros xrsimulator";
				SUPPORTS_MACCATALYST = NO;
				SUPPORTS_MAC_DESIGNED_FOR_IPHONE_IPAD = NO;
				SUPPORTS_XR_DESIGNED_FOR_IPHONE_IPAD = NO;
				TARGETED_DEVICE_FAMILY = "1,2,3,7";
				TVOS_DEPLOYMENT_TARGET = "$(RECOMMENDED_TVOS_DEPLOYMENT_TARGET)";
				XROS_DEPLOYMENT_TARGET = "$(RECOMMENDED_XROS_DEPLOYMENT_TARGET)";
			};
			name = Debug;
		};
/* End XCBuildConfiguration section */

/* Begin XCConfigurationList section */
		42E572BD7BFC9916AC23D292 /* Build configuration list for PBXProject "Scope" */ = {
			isa = XCConfigurationList;
			buildConfigurations = (
				BA0357CB90789419FCF73812 /* Debug */,
				62EDA3BAC47BC230601B919D /* Release */,
			);
			defaultConfigurationIsVisible = 0;
			defaultConfigurationName = Debug;
		};
		0A4F7BCA1D2E3F4051627384 /* Build configuration list for PBXNativeTarget "ScopeTests" */ = {
			isa = XCConfigurationList;
			buildConfigurations = (
				0A4F7BC81D2E3F4051627384 /* Debug */,
				0A4F7BC91D2E3F4051627384 /* Release */,
			);
			defaultConfigurationIsVisible = 0;
			defaultConfigurationName = Debug;
		};
		AA2DAE4962C2CF97AD3CA6CB /* Build configuration list for PBXNativeTarget "Scope" */ = {
			isa = XCConfigurationList;
			buildConfigurations = (
				ECDDA4ABB9F13A746C2E0E72 /* Debug */,
				CD7F0D71C86AF01F0C67262B /* Release */,
			);
			defaultConfigurationIsVisible = 0;
			defaultConfigurationName = Debug;
		};
/* End XCConfigurationList section */
	};
	rootObject = 2E9E9D0AC4178350F7913FAF /* Project object */;
}
